{
  "nodes": {
    "bongocat": {
      "inputs": {
        "flake-utils": "flake-utils",
        "nixpkgs": "nixpkgs"
      },
      "locked": {
        "lastModified": 1783915469,
        "narHash": "sha256-JP7Rcwf+3n6IouuGw3VwhUGLpmEo6ou04nLVWZW5TLo=",
        "owner": "saatvik333",
        "repo": "wayland-bongocat",
        "rev": "9cd36c6b79d9271810054fb4e99793934bbae98b",
        "type": "github"
      },
      "original": {
        "owner": "saatvik333",
        "repo": "wayland-bongocat",
        "type": "github"
      }
    },
    "flake-utils": {
      "inputs": {
        "systems": "systems"
      },
      "locked": {
        "lastModified": 1731533236,
        "narHash": "sha256-l0KFg5HjrsfsO/JpG+r7fRrqm12kzFHyUHqHCVpMMbI=",
        "owner": "numtide",
        "repo": "flake-utils",
        "rev": "11707dc2f618dd54ca8739b309ec4fc024de578b",
        "type": "github"
      },
      "original": {
        "owner": "numtide",
        "repo": "flake-utils",
        "type": "github"
      }
    },
    "nixpkgs": {
      "locked": {
        "lastModified": 1765186076,
        "narHash": "sha256-hM20uyap1a0M9d344I692r+ik4gTMyj60cQWO+hAYP8=",
        "owner": "NixOS",
        "repo": "nixpkgs",
        "rev": "addf7cf5f383a3101ecfba091b98d0a1263dc9b8",
        "type": "github"
      },
      "original": {
        "owner": "NixOS",
        "ref": "nixos-unstable",
        "repo": "nixpkgs",
        "type": "github"
      }
    },
    "nixpkgs_2": {
      "locked": {
        "lastModified": 1789998861,
        "narHash": "sha256-62XMQD4WLdMAfdT0/8gJmPH2dKeTw908ryNloAplTr8=",
        "owner": "NixOS",
        "repo": "nixpkgs",
        "rev": "1e8bc658fc985ef27ccd66d107d767b32bb7ef98",
        "type": "github"
      },
      "original": {
        "owner": "NixOS",
        "ref": "nixos-26.05",
        "repo": "nixpkgs",
        "type": "github"
      }
    },
    "root": {
      "inputs": {
        "bongocat": "bongocat",
        "nixpkgs": "nixpkgs_2",
        "sops-nix": "sops-nix"
      }
    },
    "sops-nix": {
      "inputs": {
        "nixpkgs": [
          "nixpkgs"
        ]
      },
      "locked": {
        "lastModified": 1789890976,
        "narHash": "sha256-GKwH3zpy7tartuJMG0Rv/xUsdetG1QLmTVv8UKgJLmA=",
        "owner": "Mic92",
        "repo": "sops-nix",
        "rev": "7214124c20c1542c90deb54af50e2f53ae02711f",
        "type": "github"
      },
      "original": {
        "owner": "Mic92",
        "repo": "sops-nix",
        "type": "github"
      }
    },
    "systems": {
      "locked": {
        "lastModified": 1681028828,
        "narHash": "sha256-Vy1rq5AaRuLzOxct8nz4T6wlgyUR7zLU309k9mBC768=",
        "owner": "nix-systems",
        "repo": "default",
        "rev": "da67096a3b9bf56a91d16901293e51ba5b49a27e",
        "type": "github"
      },
      "original": {
        "owner": "nix-systems",
        "repo": "default",
        "type": "github"
      }
    }
  },
  "root": "root",
  "version": 7
}
